{
  "requires": true,
  "lockfileVersion": 1,
  "dependencies": {
    "@rails/activestorage": {
      "version": "6.0.3-4",
      "resolved": "https://registry.npmjs.org/@rails/activestorage/-/activestorage-6.0.3-4.tgz",
      "integrity": "sha512-WHgk4E5EwWol9LS3DNyhPyuCwWPszJZeMOSx7cZGuJa5C4Ytp5bQYWTRoHmIaRrycFTxXs/2RuHBvoBqf+Dgrw==",
      "requires": {
        "spark-md5": "^3.0.0"
      }
    },
    "activestorage": {
      "version": "5.2.4-4",
      "resolved": "https://registry.npmjs.org/activestorage/-/activestorage-5.2.4-4.tgz",
      "integrity": "sha512-TcwGYADm3q/F4i5l2I16cskjimjEaLpXoORpJCXH1WGtXWXazA1bkZUq+2I+hSQBqaXnEP6qEfPV0XLplL8GVw==",
      "requires": {
        "spark-md5": "^3.0.0"
      }
    },
    "spark-md5": {
      "version": "3.0.1",
      "resolved": "https://registry.npmjs.org/spark-md5/-/spark-md5-3.0.1.tgz",
      "integrity": "sha512-0tF3AGSD1ppQeuffsLDIOWlKUd3lS92tFxcsrh5Pe3ZphhnoK+oXIBTzOAThZCiuINZLvpiLH/1VS1/ANEJVig=="
    }
  }
}
